<?xml version="1.0" encoding="utf-8"?>
<Project ToolsVersion="4.0" xmlns="http://schemas.microsoft.com/developer/msbuild/2003">
  <ItemGroup>
    <Filter Include="Source Files">
      <UniqueIdentifier>{4FC737F1-C7A5-4376-A066-2A32D752A2FF}</UniqueIdentifier>
      <Extensions>cpp;c;cc;cxx;c++;cppm;ixx;def;odl;idl;hpj;bat;asm;asmx</Extensions>
    </Filter>
    <Filter Include="Header Files">
      <UniqueIdentifier>{93995380-89BD-4b04-88EB-625FBE52EBFB}</UniqueIdentifier>
      <Extensions>h;hh;hpp;hxx;h++;hm;inl;inc;ipp;xsd</Extensions>
    </Filter>
    <Filter Include="Resource Files">
      <UniqueIdentifier>{67DA6AB6-F800-4c08-8B7A-83BB121AAD01}</UniqueIdentifier>
      <Extensions>rc;ico;cur;bmp;dlg;rc2;rct;bin;rgs;gif;jpg;jpeg;jpe;resx;tiff;tif;png;wav;mfcribbon-ms</Extensions>
    </Filter>
    <Filter Include="Header Files\common">
      <UniqueIdentifier>{bbd22f60-604d-4888-93d0-39807d0a0de2}</UniqueIdentifier>
    </Filter>
    <Filter Include="Header Files\communication">
      <UniqueIdentifier>{59fad125-5e51-4616-a662-5c58c6e3cf91}</UniqueIdentifier>
    </Filter>
    <Filter Include="Source Files\common">
      <UniqueIdentifier>{ee4233db-7df3-4d85-adcc-a68c4cc32729}</UniqueIdentifier>
    </Filter>
    <Filter Include="Source Files\communication">
      <UniqueIdentifier>{a19a8b53-7d32-4aed-8b1c-1324dfb04e46}</UniqueIdentifier>
    </Filter>
  </ItemGroup>
  <ItemGroup>
    <ClCompile Include="client\client.cpp">
      <Filter>Source Files</Filter>
    </ClCompile>
    <ClCompile Include="client\common\cksum.cpp">
      <Filter>Source Files\common</Filter>
    </ClCompile>
    <ClCompile Include="client\common\crpyto.cpp">
      <Filter>Source Files\common</Filter>
    </ClCompile>
    <ClCompile Include="client\common\utils.cpp">
      <Filter>Source Files\common</Filter>
    </ClCompile>
    <ClCompile Include="client\communication\communication.cpp">
      <Filter>Source Files\communication</Filter>
    </ClCompile>
    <ClCompile Include="client\communication\communication_utils.cpp">
      <Filter>Source Files\communication</Filter>
    </ClCompile>
  </ItemGroup>
  <ItemGroup>
    <ClInclude Include="client\communication\communication.h">
      <Filter>Header Files\communication</Filter>
    </ClInclude>
    <ClInclude Include="client\communication\constants.h">
      <Filter>Header Files\communication</Filter>
    </ClInclude>
    <ClInclude Include="client\communication\utils.h">
      <Filter>Header Files\communication</Filter>
    </ClInclude>
    <ClInclude Include="client\common\cksum.h">
      <Filter>Header Files\common</Filter>
    </ClInclude>
    <ClInclude Include="client\common\crypto.h">
      <Filter>Header Files\common</Filter>
    </ClInclude>
    <ClInclude Include="client\common\utils.h">
      <Filter>Header Files\common</Filter>
    </ClInclude>
  </ItemGroup>
  <ItemGroup>
    <None Include="packages.config" />
  </ItemGroup>
</Project>